
Microsoft Visual Studio Solution File, Format Version 12.00
# Visual Studio 15
VisualStudioVersion = 15.0.34320.172
MinimumVisualStudioVersion = 10.0.40219.1
Project("{FAE04EC0-301F-11D3-BF4B-00C04F79EFBC}") = "WebApplication_JWT", "WebApplication_JWT\WebApplication_JWT.csproj", "{B4205BD9-030C-4B38-809E-27AF4F856E74}"
EndProject
Global
	GlobalSection(SolutionConfigurationPlatforms) = preSolution
		Debug|Any CPU = Debug|Any CPU
		Release|Any CPU = Release|Any CPU
	EndGlobalSection
	GlobalSection(ProjectConfigurationPlatforms) = postSolution
		{B4205BD9-030C-4B38-809E-27AF4F856E74}.Debug|Any CPU.ActiveCfg = Debug|Any CPU
		{B4205BD9-030C-4B38-809E-27AF4F856E74}.Debug|Any CPU.Build.0 = Debug|Any CPU
		{B4205BD9-030C-4B38-809E-27AF4F856E74}.Release|Any CPU.ActiveCfg = Release|Any CPU
		{B4205BD9-030C-4B38-809E-27AF4F856E74}.Release|Any CPU.Build.0 = Release|Any CPU
	EndGlobalSection
	GlobalSection(SolutionProperties) = preSolution
		HideSolutionNode = FALSE
	EndGlobalSection
	GlobalSection(ExtensibilityGlobals) = postSolution
		SolutionGuid = {49F8A952-F331-4D62-9694-3AE5FBAE56BB}
	EndGlobalSection
EndGlobal
